
Microsoft Visual Studio Solution File, Format Version 12.00
# Visual Studio Version 16
VisualStudioVersion = 16.0.30204.135
MinimumVisualStudioVersion = 10.0.40219.1
Project("{9A19103F-16F7-4668-BE54-9A1E7A4F7556}") = "DrivingAssistant.Core", "DrivingAssistant.Core\DrivingAssistant.Core.csproj", "{8342CBCC-190F-4690-BC3E-21B9236A01BE}"
EndProject
Project("{9A19103F-16F7-4668-BE54-9A1E7A4F7556}") = "DrivingAssistant.WebServer", "DrivingAssistant.WebServer\DrivingAssistant.WebServer.csproj", "{5E3D48B7-4063-49A4-BBB5-B9B399C65618}"
EndProject
Project("{FAE04EC0-301F-11D3-BF4B-00C04F79EFBC}") = "DrivingAssistant.AndroidApp", "DrivingAssistant.AndroidApp\DrivingAssistant.AndroidApp.csproj", "{BCF37B7E-B88E-446B-A879-2C893426B17A}"
EndProject
Project("{FAE04EC0-301F-11D3-BF4B-00C04F79EFBC}") = "DrivingAssistant.WindowsApp", "DrivingAssistant.WindowsApp\DrivingAssistant.WindowsApp.csproj", "{18A8E033-E540-4761-AF77-1D1419DFF2B5}"
EndProject
Global
	GlobalSection(SolutionConfigurationPlatforms) = preSolution
		Debug|Any CPU = Debug|Any CPU
		Debug|x64 = Debug|x64
		Release|Any CPU = Release|Any CPU
		Release|x64 = Release|x64
	EndGlobalSection
	GlobalSection(ProjectConfigurationPlatforms) = postSolution
		{8342CBCC-190F-4690-BC3E-21B9236A01BE}.Debug|Any CPU.ActiveCfg = Debug|Any CPU
		{8342CBCC-190F-4690-BC3E-21B9236A01BE}.Debug|Any CPU.Build.0 = Debug|Any CPU
		{8342CBCC-190F-4690-BC3E-21B9236A01BE}.Debug|x64.ActiveCfg = Debug|x64
		{8342CBCC-190F-4690-BC3E-21B9236A01BE}.Debug|x64.Build.0 = Debug|x64
		{8342CBCC-190F-4690-BC3E-21B9236A01BE}.Release|Any CPU.ActiveCfg = Release|Any CPU
		{8342CBCC-190F-4690-BC3E-21B9236A01BE}.Release|Any CPU.Build.0 = Release|Any CPU
		{8342CBCC-190F-4690-BC3E-21B9236A01BE}.Release|x64.ActiveCfg = Release|x64
		{8342CBCC-190F-4690-BC3E-21B9236A01BE}.Release|x64.Build.0 = Release|x64
		{5E3D48B7-4063-49A4-BBB5-B9B399C65618}.Debug|Any CPU.ActiveCfg = Debug|Any CPU
		{5E3D48B7-4063-49A4-BBB5-B9B399C65618}.Debug|Any CPU.Build.0 = Debug|Any CPU
		{5E3D48B7-4063-49A4-BBB5-B9B399C65618}.Debug|x64.ActiveCfg = Debug|x64
		{5E3D48B7-4063-49A4-BBB5-B9B399C65618}.Debug|x64.Build.0 = Debug|x64
		{5E3D48B7-4063-49A4-BBB5-B9B399C65618}.Release|Any CPU.ActiveCfg = Release|Any CPU
		{5E3D48B7-4063-49A4-BBB5-B9B399C65618}.Release|Any CPU.Build.0 = Release|Any CPU
		{5E3D48B7-4063-49A4-BBB5-B9B399C65618}.Release|x64.ActiveCfg = Release|x64
		{5E3D48B7-4063-49A4-BBB5-B9B399C65618}.Release|x64.Build.0 = Release|x64
		{BCF37B7E-B88E-446B-A879-2C893426B17A}.Debug|Any CPU.ActiveCfg = Debug|Any CPU
		{BCF37B7E-B88E-446B-A879-2C893426B17A}.Debug|Any CPU.Build.0 = Debug|Any CPU
		{BCF37B7E-B88E-446B-A879-2C893426B17A}.Debug|Any CPU.Deploy.0 = Debug|Any CPU
		{BCF37B7E-B88E-446B-A879-2C893426B17A}.Debug|x64.ActiveCfg = Debug|x64
		{BCF37B7E-B88E-446B-A879-2C893426B17A}.Debug|x64.Build.0 = Debug|x64
		{BCF37B7E-B88E-446B-A879-2C893426B17A}.Debug|x64.Deploy.0 = Debug|x64
		{BCF37B7E-B88E-446B-A879-2C893426B17A}.Release|Any CPU.ActiveCfg = Release|Any CPU
		{BCF37B7E-B88E-446B-A879-2C893426B17A}.Release|Any CPU.Build.0 = Release|Any CPU
		{BCF37B7E-B88E-446B-A879-2C893426B17A}.Release|Any CPU.Deploy.0 = Release|Any CPU
		{BCF37B7E-B88E-446B-A879-2C893426B17A}.Release|x64.ActiveCfg = Release|Any CPU
		{BCF37B7E-B88E-446B-A879-2C893426B17A}.Release|x64.Build.0 = Release|Any CPU
		{BCF37B7E-B88E-446B-A879-2C893426B17A}.Release|x64.Deploy.0 = Release|Any CPU
		{18A8E033-E540-4761-AF77-1D1419DFF2B5}.Debug|Any CPU.ActiveCfg = Debug|Any CPU
		{18A8E033-E540-4761-AF77-1D1419DFF2B5}.Debug|Any CPU.Build.0 = Debug|Any CPU
		{18A8E033-E540-4761-AF77-1D1419DFF2B5}.Debug|x64.ActiveCfg = Debug|x64
		{18A8E033-E540-4761-AF77-1D1419DFF2B5}.Debug|x64.Build.0 = Debug|x64
		{18A8E033-E540-4761-AF77-1D1419DFF2B5}.Release|Any CPU.ActiveCfg = Release|Any CPU
		{18A8E033-E540-4761-AF77-1D1419DFF2B5}.Release|Any CPU.Build.0 = Release|Any CPU
		{18A8E033-E540-4761-AF77-1D1419DFF2B5}.Release|x64.ActiveCfg = Release|Any CPU
		{18A8E033-E540-4761-AF77-1D1419DFF2B5}.Release|x64.Build.0 = Release|Any CPU
	EndGlobalSection
	GlobalSection(SolutionProperties) = preSolution
		HideSolutionNode = FALSE
	EndGlobalSection
	GlobalSection(ExtensibilityGlobals) = postSolution
		SolutionGuid = {5A86F4FD-3C02-412B-891F-7FAA7AE5389D}
	EndGlobalSection
EndGlobal
